
Microsoft Visual Studio Solution File, Format Version 12.00
# Visual Studio Version 17
VisualStudioVersion = 17.1.32407.343
MinimumVisualStudioVersion = 10.0.40219.1
Project("{FAE04EC0-301F-11D3-BF4B-00C04F79EFBC}") = "Restaurant", "Restaurant\Restaurant.csproj", "{DFE1BBC3-0C1E-468C-987C-CD05875E9690}"
EndProject
Global
	GlobalSection(SolutionConfigurationPlatforms) = preSolution
		Debug|Any CPU = Debug|Any CPU
		Release|Any CPU = Release|Any CPU
	EndGlobalSection
	GlobalSection(ProjectConfigurationPlatforms) = postSolution
		{DFE1BBC3-0C1E-468C-987C-CD05875E9690}.Debug|Any CPU.ActiveCfg = Debug|Any CPU
		{DFE1BBC3-0C1E-468C-987C-CD05875E9690}.Debug|Any CPU.Build.0 = Debug|Any CPU
		{DFE1BBC3-0C1E-468C-987C-CD05875E9690}.Release|Any CPU.ActiveCfg = Release|Any CPU
		{DFE1BBC3-0C1E-468C-987C-CD05875E9690}.Release|Any CPU.Build.0 = Release|Any CPU
	EndGlobalSection
	GlobalSection(SolutionProperties) = preSolution
		HideSolutionNode = FALSE
	EndGlobalSection
	GlobalSection(ExtensibilityGlobals) = postSolution
		SolutionGuid = {8D097FAF-62DE-42D3-9BED-384F94403E6E}
	EndGlobalSection
EndGlobal
